// !$*UTF8*$!
{
	archiveVersion = 1;
	classes = {
	};
	objectVersion = 50;
	objects = {

/* Begin PBXBuildFile section */
		32F9EDCC81E2D15BF96D10EE /* Pods_FlashLuv.framework in Frameworks */ = {isa = PBXBuildFile; fileRef = 01A1AA17FE3F6D22FF5A359D /* Pods_FlashLuv.framework */; };
		5A202CA220B44E6D00933C7D /* UserConnectedProfileViewController.swift in Sources */ = {isa = PBXBuildFile; fileRef = 5A202CA120B44E6D00933C7D /* UserConnectedProfileViewController.swift */; };
		5A4938F820809AC700A16A95 /* AppDelegate.swift in Sources */ = {isa = PBXBuildFile; fileRef = 5A4938F720809AC700A16A95 /* AppDelegate.swift */; };
		5A4938FF20809AC800A16A95 /* Assets.xcassets in Resources */ = {isa = PBXBuildFile; fileRef = 5A4938FE20809AC800A16A95 /* Assets.xcassets */; };
		5A49390220809AC800A16A95 /* LaunchScreen.storyboard in Resources */ = {isa = PBXBuildFile; fileRef = 5A49390020809AC800A16A95 /* LaunchScreen.storyboard */; };
		5A71C14420F11862001813F6 /* GoogleService-Info.plist in Resources */ = {isa = PBXBuildFile; fileRef = 5A71C14320F11862001813F6 /* GoogleService-Info.plist */; };
		5AA09B4020D69855001BBAA5 /* FlashLuvTabBarController.swift in Sources */ = {isa = PBXBuildFile; fileRef = 5AA09B3F20D69855001BBAA5 /* FlashLuvTabBarController.swift */; };
		5ACFD96220DE360900555700 /* Extensions.swift in Sources */ = {isa = PBXBuildFile; fileRef = 5ACFD96120DE360900555700 /* Extensions.swift */; };
		5AE0F81A2095F3D3008E7027 /* LoginViewController.swift in Sources */ = {isa = PBXBuildFile; fileRef = 5AE0F8192095F3D3008E7027 /* LoginViewController.swift */; };
		5AE0F81C2095F46A008E7027 /* ConversationTableViewController.swift in Sources */ = {isa = PBXBuildFile; fileRef = 5AE0F81B2095F46A008E7027 /* ConversationTableViewController.swift */; };
		5AED52AA20D3D27500A36D7A /* PhotoViewController.swift in Sources */ = {isa = PBXBuildFile; fileRef = 5AED52A920D3D27500A36D7A /* PhotoViewController.swift */; };
		5AFA004B20E61414006EE3D5 /* WifiConfigurationViewController.swift in Sources */ = {isa = PBXBuildFile; fileRef = 5AFA004920E61413006EE3D5 /* WifiConfigurationViewController.swift */; };
		5AFA004C20E61414006EE3D5 /* WifiConfigurationViewController.xib in Resources */ = {isa = PBXBuildFile; fileRef = 5AFA004A20E61413006EE3D5 /* WifiConfigurationViewController.xib */; };
		5AFA004F20E620EF006EE3D5 /* QuizzConfigurationViewController.swift in Sources */ = {isa = PBXBuildFile; fileRef = 5AFA004D20E620EF006EE3D5 /* QuizzConfigurationViewController.swift */; };
		5AFA005020E620EF006EE3D5 /* QuizzConfigurationViewController.xib in Resources */ = {isa = PBXBuildFile; fileRef = 5AFA004E20E620EF006EE3D5 /* QuizzConfigurationViewController.xib */; };
		5AFA005320E62FBC006EE3D5 /* QuizzAnswerViewController.swift in Sources */ = {isa = PBXBuildFile; fileRef = 5AFA005120E62FBC006EE3D5 /* QuizzAnswerViewController.swift */; };
		5AFA005420E62FBC006EE3D5 /* QuizzAnswerViewController.xib in Resources */ = {isa = PBXBuildFile; fileRef = 5AFA005220E62FBC006EE3D5 /* QuizzAnswerViewController.xib */; };
		5AFA005920E63388006EE3D5 /* QuestionsTableViewCell.swift in Sources */ = {isa = PBXBuildFile; fileRef = 5AFA005720E63388006EE3D5 /* QuestionsTableViewCell.swift */; };
		5AFA005A20E63388006EE3D5 /* QuestionsTableViewCell.xib in Resources */ = {isa = PBXBuildFile; fileRef = 5AFA005820E63388006EE3D5 /* QuestionsTableViewCell.xib */; };
		7A230D75208F5CC600191637 /* ProfileViewController.swift in Sources */ = {isa = PBXBuildFile; fileRef = 7A230D74208F5CC600191637 /* ProfileViewController.swift */; };
		7A230D792090BDE600191637 /* Lato-Bold.ttf in Resources */ = {isa = PBXBuildFile; fileRef = 7A230D772090BDE600191637 /* Lato-Bold.ttf */; };
		7A230D7A2090BDE600191637 /* Lato-Regular.ttf in Resources */ = {isa = PBXBuildFile; fileRef = 7A230D782090BDE600191637 /* Lato-Regular.ttf */; };
		7A8AB8312091E18F0067D67C /* ChatLogController.swift in Sources */ = {isa = PBXBuildFile; fileRef = 7A8AB8302091E18F0067D67C /* ChatLogController.swift */; };
/* End PBXBuildFile section */

/* Begin PBXFileReference section */
		01A1AA17FE3F6D22FF5A359D /* Pods_FlashLuv.framework */ = {isa = PBXFileReference; explicitFileType = wrapper.framework; includeInIndex = 0; path = Pods_FlashLuv.framework; sourceTree = BUILT_PRODUCTS_DIR; };
		43630761E132DEC655789476 /* Pods-FlashLuv.debug.xcconfig */ = {isa = PBXFileReference; includeInIndex = 1; lastKnownFileType = text.xcconfig; name = "Pods-FlashLuv.debug.xcconfig"; path = "Pods/Target Support Files/Pods-FlashLuv/Pods-FlashLuv.debug.xcconfig"; sourceTree = "<group>"; };
		5A202CA120B44E6D00933C7D /* UserConnectedProfileViewController.swift */ = {isa = PBXFileReference; lastKnownFileType = sourcecode.swift; path = UserConnectedProfileViewController.swift; sourceTree = "<group>"; };
		5A4938F420809AC700A16A95 /* FlashLuv.app */ = {isa = PBXFileReference; explicitFileType = wrapper.application; includeInIndex = 0; path = FlashLuv.app; sourceTree = BUILT_PRODUCTS_DIR; };
		5A4938F720809AC700A16A95 /* AppDelegate.swift */ = {isa = PBXFileReference; lastKnownFileType = sourcecode.swift; path = AppDelegate.swift; sourceTree = "<group>"; };
		5A4938FE20809AC800A16A95 /* Assets.xcassets */ = {isa = PBXFileReference; lastKnownFileType = folder.assetcatalog; path = Assets.xcassets; sourceTree = "<group>"; };
		5A49390120809AC800A16A95 /* Base */ = {isa = PBXFileReference; lastKnownFileType = file.storyboard; name = Base; path = Base.lproj/LaunchScreen.storyboard; sourceTree = "<group>"; };
		5A49390320809AC800A16A95 /* Info.plist */ = {isa = PBXFileReference; lastKnownFileType = text.plist.xml; path = Info.plist; sourceTree = "<group>"; };
		5A71C14320F11862001813F6 /* GoogleService-Info.plist */ = {isa = PBXFileReference; fileEncoding = 4; lastKnownFileType = text.plist.xml; path = "GoogleService-Info.plist"; sourceTree = "<group>"; };
		5AA09B3F20D69855001BBAA5 /* FlashLuvTabBarController.swift */ = {isa = PBXFileReference; lastKnownFileType = sourcecode.swift; path = FlashLuvTabBarController.swift; sourceTree = "<group>"; };
		5AB9A9522097417C00931D63 /* FlashLuv.entitlements */ = {isa = PBXFileReference; lastKnownFileType = text.plist.entitlements; path = FlashLuv.entitlements; sourceTree = "<group>"; };
		5ACFD96120DE360900555700 /* Extensions.swift */ = {isa = PBXFileReference; lastKnownFileType = sourcecode.swift; path = Extensions.swift; sourceTree = "<group>"; };
		5AE0F8192095F3D3008E7027 /* LoginViewController.swift */ = {isa = PBXFileReference; lastKnownFileType = sourcecode.swift; path = LoginViewController.swift; sourceTree = "<group>"; };
		5AE0F81B2095F46A008E7027 /* ConversationTableViewController.swift */ = {isa = PBXFileReference; lastKnownFileType = sourcecode.swift; path = ConversationTableViewController.swift; sourceTree = "<group>"; };
		5AED52A920D3D27500A36D7A /* PhotoViewController.swift */ = {isa = PBXFileReference; lastKnownFileType = sourcecode.swift; path = PhotoViewController.swift; sourceTree = "<group>"; };
		5AFA004920E61413006EE3D5 /* WifiConfigurationViewController.swift */ = {isa = PBXFileReference; lastKnownFileType = sourcecode.swift; path = WifiConfigurationViewController.swift; sourceTree = "<group>"; };
		5AFA004A20E61413006EE3D5 /* WifiConfigurationViewController.xib */ = {isa = PBXFileReference; lastKnownFileType = file.xib; path = WifiConfigurationViewController.xib; sourceTree = "<group>"; };
		5AFA004D20E620EF006EE3D5 /* QuizzConfigurationViewController.swift */ = {isa = PBXFileReference; lastKnownFileType = sourcecode.swift; path = QuizzConfigurationViewController.swift; sourceTree = "<group>"; };
		5AFA004E20E620EF006EE3D5 /* QuizzConfigurationViewController.xib */ = {isa = PBXFileReference; lastKnownFileType = file.xib; path = QuizzConfigurationViewController.xib; sourceTree = "<group>"; };
		5AFA005120E62FBC006EE3D5 /* QuizzAnswerViewController.swift */ = {isa = PBXFileReference; lastKnownFileType = sourcecode.swift; path = QuizzAnswerViewController.swift; sourceTree = "<group>"; };
		5AFA005220E62FBC006EE3D5 /* QuizzAnswerViewController.xib */ = {isa = PBXFileReference; lastKnownFileType = file.xib; path = QuizzAnswerViewController.xib; sourceTree = "<group>"; };
		5AFA005720E63388006EE3D5 /* QuestionsTableViewCell.swift */ = {isa = PBXFileReference; lastKnownFileType = sourcecode.swift; path = QuestionsTableViewCell.swift; sourceTree = "<group>"; };
		5AFA005820E63388006EE3D5 /* QuestionsTableViewCell.xib */ = {isa = PBXFileReference; lastKnownFileType = file.xib; path = QuestionsTableViewCell.xib; sourceTree = "<group>"; };
		719DDB26965C892FADF62CA3 /* Pods-FlashLuv.release.xcconfig */ = {isa = PBXFileReference; includeInIndex = 1; lastKnownFileType = text.xcconfig; name = "Pods-FlashLuv.release.xcconfig"; path = "Pods/Target Support Files/Pods-FlashLuv/Pods-FlashLuv.release.xcconfig"; sourceTree = "<group>"; };
		7A230D74208F5CC600191637 /* ProfileViewController.swift */ = {isa = PBXFileReference; lastKnownFileType = sourcecode.swift; path = ProfileViewController.swift; sourceTree = "<group>"; };
		7A230D772090BDE600191637 /* Lato-Bold.ttf */ = {isa = PBXFileReference; lastKnownFileType = file; path = "Lato-Bold.ttf"; sourceTree = "<group>"; };
		7A230D782090BDE600191637 /* Lato-Regular.ttf */ = {isa = PBXFileReference; lastKnownFileType = file; path = "Lato-Regular.ttf"; sourceTree = "<group>"; };
		7A8AB8302091E18F0067D67C /* ChatLogController.swift */ = {isa = PBXFileReference; lastKnownFileType = sourcecode.swift; path = ChatLogController.swift; sourceTree = "<group>"; };
/* End PBXFileReference section */

/* Begin PBXFrameworksBuildPhase section */
		5A4938F120809AC700A16A95 /* Frameworks */ = {
			isa = PBXFrameworksBuildPhase;
			buildActionMask = 2147483647;
			files = (
				32F9EDCC81E2D15BF96D10EE /* Pods_FlashLuv.framework in Frameworks */,
			);
			runOnlyForDeploymentPostprocessing = 0;
		};
/* End PBXFrameworksBuildPhase section */

/* Begin PBXGroup section */
		2C83047958F7BC4F383D8342 /* Pods */ = {
			isa = PBXGroup;
			children = (
				43630761E132DEC655789476 /* Pods-FlashLuv.debug.xcconfig */,
				719DDB26965C892FADF62CA3 /* Pods-FlashLuv.release.xcconfig */,
			);
			name = Pods;
			sourceTree = "<group>";
		};
		5A4938EB20809AC700A16A95 = {
			isa = PBXGroup;
			children = (
				5A4938F620809AC700A16A95 /* FlashLuv */,
				5A4938F520809AC700A16A95 /* Products */,
				2C83047958F7BC4F383D8342 /* Pods */,
				641FD2A29AF762F6587A3FAB /* Frameworks */,
			);
			sourceTree = "<group>";
		};
		5A4938F520809AC700A16A95 /* Products */ = {
			isa = PBXGroup;
			children = (
				5A4938F420809AC700A16A95 /* FlashLuv.app */,
			);
			name = Products;
			sourceTree = "<group>";
		};
		5A4938F620809AC700A16A95 /* FlashLuv */ = {
			isa = PBXGroup;
			children = (
				7A230D762090BDD200191637 /* fonts */,
				5AB9A9522097417C00931D63 /* FlashLuv.entitlements */,
				5A4938F720809AC700A16A95 /* AppDelegate.swift */,
				5AFA004D20E620EF006EE3D5 /* QuizzConfigurationViewController.swift */,
				5AFA004E20E620EF006EE3D5 /* QuizzConfigurationViewController.xib */,
				5AFA004920E61413006EE3D5 /* WifiConfigurationViewController.swift */,
				5AFA004A20E61413006EE3D5 /* WifiConfigurationViewController.xib */,
				5AE0F8192095F3D3008E7027 /* LoginViewController.swift */,
				5AE0F81B2095F46A008E7027 /* ConversationTableViewController.swift */,
				5A71C14320F11862001813F6 /* GoogleService-Info.plist */,
				5A4938FE20809AC800A16A95 /* Assets.xcassets */,
				5A49390020809AC800A16A95 /* LaunchScreen.storyboard */,
				5A49390320809AC800A16A95 /* Info.plist */,
				7A230D74208F5CC600191637 /* ProfileViewController.swift */,
				5A202CA120B44E6D00933C7D /* UserConnectedProfileViewController.swift */,
				7A8AB8302091E18F0067D67C /* ChatLogController.swift */,
				5AED52A920D3D27500A36D7A /* PhotoViewController.swift */,
				5AA09B3F20D69855001BBAA5 /* FlashLuvTabBarController.swift */,
				5ACFD96120DE360900555700 /* Extensions.swift */,
				5AFA005720E63388006EE3D5 /* QuestionsTableViewCell.swift */,
				5AFA005820E63388006EE3D5 /* QuestionsTableViewCell.xib */,
				5AFA005120E62FBC006EE3D5 /* QuizzAnswerViewController.swift */,
				5AFA005220E62FBC006EE3D5 /* QuizzAnswerViewController.xib */,
			);
			path = FlashLuv;
			sourceTree = "<group>";
		};
		641FD2A29AF762F6587A3FAB /* Frameworks */ = {
			isa = PBXGroup;
			children = (
				01A1AA17FE3F6D22FF5A359D /* Pods_FlashLuv.framework */,
			);
			name = Frameworks;
			sourceTree = "<group>";
		};
		7A230D762090BDD200191637 /* fonts */ = {
			isa = PBXGroup;
			children = (
				7A230D772090BDE600191637 /* Lato-Bold.ttf */,
				7A230D782090BDE600191637 /* Lato-Regular.ttf */,
			);
			path = fonts;
			sourceTree = "<group>";
		};
/* End PBXGroup section */

/* Begin PBXNativeTarget section */
		5A4938F320809AC700A16A95 /* FlashLuv */ = {
			isa = PBXNativeTarget;
			buildConfigurationList = 5A49390620809AC800A16A95 /* Build configuration list for PBXNativeTarget "FlashLuv" */;
			buildPhases = (
				462FBDC0CA67F192DAB3149C /* [CP] Check Pods Manifest.lock */,
				5A4938F020809AC700A16A95 /* Sources */,
				5A4938F120809AC700A16A95 /* Frameworks */,
				5A4938F220809AC700A16A95 /* Resources */,
				FD7DCA021857FC25E6888B8C /* [CP] Embed Pods Frameworks */,
				E398E715EEB86FE97C424FC6 /* [CP] Copy Pods Resources */,
			);
			buildRules = (
			);
			dependencies = (
			);
			name = FlashLuv;
			productName = FlashLuv;
			productReference = 5A4938F420809AC700A16A95 /* FlashLuv.app */;
			productType = "com.apple.product-type.application";
		};
/* End PBXNativeTarget section */

/* Begin PBXProject section */
		5A4938EC20809AC700A16A95 /* Project object */ = {
			isa = PBXProject;
			attributes = {
				LastSwiftUpdateCheck = 0930;
				LastUpgradeCheck = 0930;
				ORGANIZATIONNAME = "Isma Dia";
				TargetAttributes = {
					5A4938F320809AC700A16A95 = {
						CreatedOnToolsVersion = 9.3;
						SystemCapabilities = {
							com.apple.BackgroundModes = {
								enabled = 1;
							};
							com.apple.Keychain = {
								enabled = 1;
							};
							com.apple.Push = {
								enabled = 1;
							};
						};
					};
				};
			};
			buildConfigurationList = 5A4938EF20809AC700A16A95 /* Build configuration list for PBXProject "FlashLuv" */;
			compatibilityVersion = "Xcode 9.3";
			developmentRegion = en;
			hasScannedForEncodings = 0;
			knownRegions = (
				en,
				Base,
			);
			mainGroup = 5A4938EB20809AC700A16A95;
			productRefGroup = 5A4938F520809AC700A16A95 /* Products */;
			projectDirPath = "";
			projectRoot = "";
			targets = (
				5A4938F320809AC700A16A95 /* FlashLuv */,
			);
		};
/* End PBXProject section */

/* Begin PBXResourcesBuildPhase section */
		5A4938F220809AC700A16A95 /* Resources */ = {
			isa = PBXResourcesBuildPhase;
			buildActionMask = 2147483647;
			files = (
				5AFA005420E62FBC006EE3D5 /* QuizzAnswerViewController.xib in Resources */,
				5A49390220809AC800A16A95 /* LaunchScreen.storyboard in Resources */,
				5A71C14420F11862001813F6 /* GoogleService-Info.plist in Resources */,
				7A230D7A2090BDE600191637 /* Lato-Regular.ttf in Resources */,
				5AFA005020E620EF006EE3D5 /* QuizzConfigurationViewController.xib in Resources */,
				7A230D792090BDE600191637 /* Lato-Bold.ttf in Resources */,
				5A4938FF20809AC800A16A95 /* Assets.xcassets in Resources */,
				5AFA004C20E61414006EE3D5 /* WifiConfigurationViewController.xib in Resources */,
				5AFA005A20E63388006EE3D5 /* QuestionsTableViewCell.xib in Resources */,
			);
			runOnlyForDeploymentPostprocessing = 0;
		};
/* End PBXResourcesBuildPhase section */

/* Begin PBXShellScriptBuildPhase section */
		462FBDC0CA67F192DAB3149C /* [CP] Check Pods Manifest.lock */ = {
			isa = PBXShellScriptBuildPhase;
			buildActionMask = 2147483647;
			files = (
			);
			inputPaths = (
				"${PODS_PODFILE_DIR_PATH}/Podfile.lock",
				"${PODS_ROOT}/Manifest.lock",
			);
			name = "[CP] Check Pods Manifest.lock";
			outputPaths = (
				"$(DERIVED_FILE_DIR)/Pods-FlashLuv-checkManifestLockResult.txt",
			);
			runOnlyForDeploymentPostprocessing = 0;
			shellPath = /bin/sh;
			shellScript = "diff \"${PODS_PODFILE_DIR_PATH}/Podfile.lock\" \"${PODS_ROOT}/Manifest.lock\" > /dev/null\nif [ $? != 0 ] ; then\n    # print error to STDERR\n    echo \"error: The sandbox is not in sync with the Podfile.lock. Run 'pod install' or update your CocoaPods installation.\" >&2\n    exit 1\nfi\n# This output is used by Xcode 'outputs' to avoid re-running this script phase.\necho \"SUCCESS\" > \"${SCRIPT_OUTPUT_FILE_0}\"\n";
			showEnvVarsInLog = 0;
		};
		E398E715EEB86FE97C424FC6 /* [CP] Copy Pods Resources */ = {
			isa = PBXShellScriptBuildPhase;
			buildActionMask = 2147483647;
			files = (
			);
			inputPaths = (
				"${SRCROOT}/Pods/Target Support Files/Pods-FlashLuv/Pods-FlashLuv-resources.sh",
				"${PODS_CONFIGURATION_BUILD_DIR}/FirebaseUI/FirebaseAuthUI.bundle",
				"${PODS_CONFIGURATION_BUILD_DIR}/FirebaseUI/FirebaseFacebookAuthUI.bundle",
				"${PODS_CONFIGURATION_BUILD_DIR}/FirebaseUI/FirebaseGoogleAuthUI.bundle",
				"${PODS_CONFIGURATION_BUILD_DIR}/FirebaseUI/FirebasePhoneAuthUI.bundle",
				"${PODS_CONFIGURATION_BUILD_DIR}/FirebaseUI/FirebaseTwitterAuthUI.bundle",
				"${PODS_ROOT}/GoogleSignIn/Resources/GoogleSignIn.bundle",
				"${PODS_ROOT}/TwitterKit/iOS/TwitterKit.framework/TwitterKitResources.bundle",
				"${PODS_ROOT}/TwitterKit/iOS/TwitterKit.framework/TwitterShareExtensionUIResources.bundle",
			);
			name = "[CP] Copy Pods Resources";
			outputPaths = (
				"${TARGET_BUILD_DIR}/${UNLOCALIZED_RESOURCES_FOLDER_PATH}/FirebaseAuthUI.bundle",
				"${TARGET_BUILD_DIR}/${UNLOCALIZED_RESOURCES_FOLDER_PATH}/FirebaseFacebookAuthUI.bundle",
				"${TARGET_BUILD_DIR}/${UNLOCALIZED_RESOURCES_FOLDER_PATH}/FirebaseGoogleAuthUI.bundle",
				"${TARGET_BUILD_DIR}/${UNLOCALIZED_RESOURCES_FOLDER_PATH}/FirebasePhoneAuthUI.bundle",
				"${TARGET_BUILD_DIR}/${UNLOCALIZED_RESOURCES_FOLDER_PATH}/FirebaseTwitterAuthUI.bundle",
				"${TARGET_BUILD_DIR}/${UNLOCALIZED_RESOURCES_FOLDER_PATH}/GoogleSignIn.bundle",
				"${TARGET_BUILD_DIR}/${UNLOCALIZED_RESOURCES_FOLDER_PATH}/TwitterKitResources.bundle",
				"${TARGET_BUILD_DIR}/${UNLOCALIZED_RESOURCES_FOLDER_PATH}/TwitterShareExtensionUIResources.bundle",
			);
			runOnlyForDeploymentPostprocessing = 0;
			shellPath = /bin/sh;
			shellScript = "\"${SRCROOT}/Pods/Target Support Files/Pods-FlashLuv/Pods-FlashLuv-resources.sh\"\n";
			showEnvVarsInLog = 0;
		};
		FD7DCA021857FC25E6888B8C /* [CP] Embed Pods Frameworks */ = {
			isa = PBXShellScriptBuildPhase;
			buildActionMask = 2147483647;
			files = (
			);
			inputPaths = (
				"${SRCROOT}/Pods/Target Support Files/Pods-FlashLuv/Pods-FlashLuv-frameworks.sh",
				"${BUILT_PRODUCTS_DIR}/Bolts/Bolts.framework",
				"${BUILT_PRODUCTS_DIR}/BoringSSL/openssl.framework",
				"${BUILT_PRODUCTS_DIR}/FBSDKCoreKit/FBSDKCoreKit.framework",
				"${BUILT_PRODUCTS_DIR}/FBSDKLoginKit/FBSDKLoginKit.framework",
				"${BUILT_PRODUCTS_DIR}/GTMOAuth2/GTMOAuth2.framework",
				"${BUILT_PRODUCTS_DIR}/GTMSessionFetcher/GTMSessionFetcher.framework",
				"${BUILT_PRODUCTS_DIR}/GoogleToolboxForMac/GoogleToolboxForMac.framework",
				"${BUILT_PRODUCTS_DIR}/IQKeyboardManagerSwift/IQKeyboardManagerSwift.framework",
				"${BUILT_PRODUCTS_DIR}/Protobuf/Protobuf.framework",
				"${BUILT_PRODUCTS_DIR}/SDWebImage/SDWebImage.framework",
				"${PODS_ROOT}/TwitterCore/iOS/TwitterCore.framework",
				"${PODS_ROOT}/TwitterKit/iOS/TwitterKit.framework",
				"${BUILT_PRODUCTS_DIR}/gRPC/GRPCClient.framework",
				"${BUILT_PRODUCTS_DIR}/gRPC-Core/grpc.framework",
				"${BUILT_PRODUCTS_DIR}/gRPC-ProtoRPC/ProtoRPC.framework",
				"${BUILT_PRODUCTS_DIR}/gRPC-RxLibrary/RxLibrary.framework",
				"${BUILT_PRODUCTS_DIR}/leveldb-library/leveldb.framework",
				"${BUILT_PRODUCTS_DIR}/nanopb/nanopb.framework",
			);
			name = "[CP] Embed Pods Frameworks";
			outputPaths = (
				"${TARGET_BUILD_DIR}/${FRAMEWORKS_FOLDER_PATH}/Bolts.framework",
				"${TARGET_BUILD_DIR}/${FRAMEWORKS_FOLDER_PATH}/openssl.framework",
				"${TARGET_BUILD_DIR}/${FRAMEWORKS_FOLDER_PATH}/FBSDKCoreKit.framework",
				"${TARGET_BUILD_DIR}/${FRAMEWORKS_FOLDER_PATH}/FBSDKLoginKit.framework",
				"${TARGET_BUILD_DIR}/${FRAMEWORKS_FOLDER_PATH}/GTMOAuth2.framework",
				"${TARGET_BUILD_DIR}/${FRAMEWORKS_FOLDER_PATH}/GTMSessionFetcher.framework",
				"${TARGET_BUILD_DIR}/${FRAMEWORKS_FOLDER_PATH}/GoogleToolboxForMac.framework",
				"${TARGET_BUILD_DIR}/${FRAMEWORKS_FOLDER_PATH}/IQKeyboardManagerSwift.framework",
				"${TARGET_BUILD_DIR}/${FRAMEWORKS_FOLDER_PATH}/Protobuf.framework",
				"${TARGET_BUILD_DIR}/${FRAMEWORKS_FOLDER_PATH}/SDWebImage.framework",
				"${TARGET_BUILD_DIR}/${FRAMEWORKS_FOLDER_PATH}/TwitterCore.framework",
				"${TARGET_BUILD_DIR}/${FRAMEWORKS_FOLDER_PATH}/TwitterKit.framework",
				"${TARGET_BUILD_DIR}/${FRAMEWORKS_FOLDER_PATH}/GRPCClient.framework",
				"${TARGET_BUILD_DIR}/${FRAMEWORKS_FOLDER_PATH}/grpc.framework",
				"${TARGET_BUILD_DIR}/${FRAMEWORKS_FOLDER_PATH}/ProtoRPC.framework",
				"${TARGET_BUILD_DIR}/${FRAMEWORKS_FOLDER_PATH}/RxLibrary.framework",
				"${TARGET_BUILD_DIR}/${FRAMEWORKS_FOLDER_PATH}/leveldb.framework",
				"${TARGET_BUILD_DIR}/${FRAMEWORKS_FOLDER_PATH}/nanopb.framework",
			);
			runOnlyForDeploymentPostprocessing = 0;
			shellPath = /bin/sh;
			shellScript = "\"${SRCROOT}/Pods/Target Support Files/Pods-FlashLuv/Pods-FlashLuv-frameworks.sh\"\n";
			showEnvVarsInLog = 0;
		};
/* End PBXShellScriptBuildPhase section */

/* Begin PBXSourcesBuildPhase section */
		5A4938F020809AC700A16A95 /* Sources */ = {
			isa = PBXSourcesBuildPhase;
			buildActionMask = 2147483647;
			files = (
				5A202CA220B44E6D00933C7D /* UserConnectedProfileViewController.swift in Sources */,
				5ACFD96220DE360900555700 /* Extensions.swift in Sources */,
				7A8AB8312091E18F0067D67C /* ChatLogController.swift in Sources */,
				7A230D75208F5CC600191637 /* ProfileViewController.swift in Sources */,
				5AE0F81C2095F46A008E7027 /* ConversationTableViewController.swift in Sources */,
				5AED52AA20D3D27500A36D7A /* PhotoViewController.swift in Sources */,
				5AFA005920E63388006EE3D5 /* QuestionsTableViewCell.swift in Sources */,
				5AE0F81A2095F3D3008E7027 /* LoginViewController.swift in Sources */,
				5AA09B4020D69855001BBAA5 /* FlashLuvTabBarController.swift in Sources */,
				5AFA005320E62FBC006EE3D5 /* QuizzAnswerViewController.swift in Sources */,
				5AFA004F20E620EF006EE3D5 /* QuizzConfigurationViewController.swift in Sources */,
				5AFA004B20E61414006EE3D5 /* WifiConfigurationViewController.swift in Sources */,
				5A4938F820809AC700A16A95 /* AppDelegate.swift in Sources */,
			);
			runOnlyForDeploymentPostprocessing = 0;
		};
/* End PBXSourcesBuildPhase section */

/* Begin PBXVariantGroup section */
		5A49390020809AC800A16A95 /* LaunchScreen.storyboard */ = {
			isa = PBXVariantGroup;
			children = (
				5A49390120809AC800A16A95 /* Base */,
			);
			name = LaunchScreen.storyboard;
			sourceTree = "<group>";
		};
/* End PBXVariantGroup section */

/* Begin XCBuildConfiguration section */
		5A49390420809AC800A16A95 /* Debug */ = {
			isa = XCBuildConfiguration;
			buildSettings = {
				ALWAYS_SEARCH_USER_PATHS = NO;
				CLANG_ANALYZER_NONNULL = YES;
				CLANG_ANALYZER_NUMBER_OBJECT_CONVERSION = YES_AGGRESSIVE;
				CLANG_CXX_LANGUAGE_STANDARD = "gnu++14";
				CLANG_CXX_LIBRARY = "libc++";
				CLANG_ENABLE_MODULES = YES;
				CLANG_ENABLE_OBJC_ARC = YES;
				CLANG_ENABLE_OBJC_WEAK = YES;
				CLANG_WARN_BLOCK_CAPTURE_AUTORELEASING = YES;
				CLANG_WARN_BOOL_CONVERSION = YES;
				CLANG_WARN_COMMA = YES;
				CLANG_WARN_CONSTANT_CONVERSION = YES;
				CLANG_WARN_DEPRECATED_OBJC_IMPLEMENTATIONS = YES;
				CLANG_WARN_DIRECT_OBJC_ISA_USAGE = YES_ERROR;
				CLANG_WARN_DOCUMENTATION_COMMENTS = YES;
				CLANG_WARN_EMPTY_BODY = YES;
				CLANG_WARN_ENUM_CONVERSION = YES;
				CLANG_WARN_INFINITE_RECURSION = YES;
				CLANG_WARN_INT_CONVERSION = YES;
				CLANG_WARN_NON_LITERAL_NULL_CONVERSION = YES;
				CLANG_WARN_OBJC_IMPLICIT_RETAIN_SELF = YES;
				CLANG_WARN_OBJC_LITERAL_CONVERSION = YES;
				CLANG_WARN_OBJC_ROOT_CLASS = YES_ERROR;
				CLANG_WARN_RANGE_LOOP_ANALYSIS = YES;
				CLANG_WARN_STRICT_PROTOTYPES = YES;
				CLANG_WARN_SUSPICIOUS_MOVE = YES;
				CLANG_WARN_UNGUARDED_AVAILABILITY = YES_AGGRESSIVE;
				CLANG_WARN_UNREACHABLE_CODE = YES;
				CLANG_WARN__DUPLICATE_METHOD_MATCH = YES;
				CODE_SIGN_IDENTITY = "iPhone Developer";
				COPY_PHASE_STRIP = NO;
				DEBUG_INFORMATION_FORMAT = dwarf;
				ENABLE_STRICT_OBJC_MSGSEND = YES;
				ENABLE_TESTABILITY = YES;
				GCC_C_LANGUAGE_STANDARD = gnu11;
				GCC_DYNAMIC_NO_PIC = NO;
				GCC_NO_COMMON_BLOCKS = YES;
				GCC_OPTIMIZATION_LEVEL = 0;
				GCC_PREPROCESSOR_DEFINITIONS = (
					"DEBUG=1",
					"$(inherited)",
				);
				GCC_WARN_64_TO_32_BIT_CONVERSION = YES;
				GCC_WARN_ABOUT_RETURN_TYPE = YES_ERROR;
				GCC_WARN_UNDECLARED_SELECTOR = YES;
				GCC_WARN_UNINITIALIZED_AUTOS = YES_AGGRESSIVE;
				GCC_WARN_UNUSED_FUNCTION = YES;
				GCC_WARN_UNUSED_VARIABLE = YES;
				IPHONEOS_DEPLOYMENT_TARGET = 11.3;
				MTL_ENABLE_DEBUG_INFO = YES;
				ONLY_ACTIVE_ARCH = YES;
				SDKROOT = iphoneos;
				SWIFT_ACTIVE_COMPILATION_CONDITIONS = DEBUG;
				SWIFT_OPTIMIZATION_LEVEL = "-Onone";
			};
			name = Debug;
		};
		5A49390520809AC800A16A95 /* Release */ = {
			isa = XCBuildConfiguration;
			buildSettings = {
				ALWAYS_SEARCH_USER_PATHS = NO;
				CLANG_ANALYZER_NONNULL = YES;
				CLANG_ANALYZER_NUMBER_OBJECT_CONVERSION = YES_AGGRESSIVE;
				CLANG_CXX_LANGUAGE_STANDARD = "gnu++14";
				CLANG_CXX_LIBRARY = "libc++";
				CLANG_ENABLE_MODULES = YES;
				CLANG_ENABLE_OBJC_ARC = YES;
				CLANG_ENABLE_OBJC_WEAK = YES;
				CLANG_WARN_BLOCK_CAPTURE_AUTORELEASING = YES;
				CLANG_WARN_BOOL_CONVERSION = YES;
				CLANG_WARN_COMMA = YES;
				CLANG_WARN_CONSTANT_CONVERSION = YES;
				CLANG_WARN_DEPRECATED_OBJC_IMPLEMENTATIONS = YES;
				CLANG_WARN_DIRECT_OBJC_ISA_USAGE = YES_ERROR;
				CLANG_WARN_DOCUMENTATION_COMMENTS = YES;
				CLANG_WARN_EMPTY_BODY = YES;
				CLANG_WARN_ENUM_CONVERSION = YES;
				CLANG_WARN_INFINITE_RECURSION = YES;
				CLANG_WARN_INT_CONVERSION = YES;
				CLANG_WARN_NON_LITERAL_NULL_CONVERSION = YES;
				CLANG_WARN_OBJC_IMPLICIT_RETAIN_SELF = YES;
				CLANG_WARN_OBJC_LITERAL_CONVERSION = YES;
				CLANG_WARN_OBJC_ROOT_CLASS = YES_ERROR;
				CLANG_WARN_RANGE_LOOP_ANALYSIS = YES;
				CLANG_WARN_STRICT_PROTOTYPES = YES;
				CLANG_WARN_SUSPICIOUS_MOVE = YES;
				CLANG_WARN_UNGUARDED_AVAILABILITY = YES_AGGRESSIVE;
				CLANG_WARN_UNREACHABLE_CODE = YES;
				CLANG_WARN__DUPLICATE_METHOD_MATCH = YES;
				CODE_SIGN_IDENTITY = "iPhone Developer";
				COPY_PHASE_STRIP = NO;
				DEBUG_INFORMATION_FORMAT = "dwarf-with-dsym";
				ENABLE_NS_ASSERTIONS = NO;
				ENABLE_STRICT_OBJC_MSGSEND = YES;
				GCC_C_LANGUAGE_STANDARD = gnu11;
				GCC_NO_COMMON_BLOCKS = YES;
				GCC_WARN_64_TO_32_BIT_CONVERSION = YES;
				GCC_WARN_ABOUT_RETURN_TYPE = YES_ERROR;
				GCC_WARN_UNDECLARED_SELECTOR = YES;
				GCC_WARN_UNINITIALIZED_AUTOS = YES_AGGRESSIVE;
				GCC_WARN_UNUSED_FUNCTION = YES;
				GCC_WARN_UNUSED_VARIABLE = YES;
				IPHONEOS_DEPLOYMENT_TARGET = 11.3;
				MTL_ENABLE_DEBUG_INFO = NO;
				SDKROOT = iphoneos;
				SWIFT_COMPILATION_MODE = wholemodule;
				SWIFT_OPTIMIZATION_LEVEL = "-O";
				VALIDATE_PRODUCT = YES;
			};
			name = Release;
		};
		5A49390720809AC800A16A95 /* Debug */ = {
			isa = XCBuildConfiguration;
			baseConfigurationReference = 43630761E132DEC655789476 /* Pods-FlashLuv.debug.xcconfig */;
			buildSettings = {
				ASSETCATALOG_COMPILER_APPICON_NAME = AppIcon;
				CODE_SIGN_ENTITLEMENTS = FlashLuv/FlashLuv.entitlements;
				CODE_SIGN_IDENTITY = "iPhone Developer";
				CODE_SIGN_STYLE = Automatic;
				DEVELOPMENT_TEAM = 2STZ642E42;
				INFOPLIST_FILE = FlashLuv/Info.plist;
				LD_RUNPATH_SEARCH_PATHS = (
					"$(inherited)",
					"@executable_path/Frameworks",
				);
				PRODUCT_BUNDLE_IDENTIFIER = com.moc.bigteam.FlashLuv;
				PRODUCT_NAME = "$(TARGET_NAME)";
				PROVISIONING_PROFILE_SPECIFIER = "";
				SWIFT_VERSION = 4.0;
				TARGETED_DEVICE_FAMILY = "1,2";
			};
			name = Debug;
		};
		5A49390820809AC800A16A95 /* Release */ = {
			isa = XCBuildConfiguration;
			baseConfigurationReference = 719DDB26965C892FADF62CA3 /* Pods-FlashLuv.release.xcconfig */;
			buildSettings = {
				ASSETCATALOG_COMPILER_APPICON_NAME = AppIcon;
				CODE_SIGN_ENTITLEMENTS = FlashLuv/FlashLuv.entitlements;
				CODE_SIGN_IDENTITY = "iPhone Developer";
				CODE_SIGN_STYLE = Automatic;
				DEVELOPMENT_TEAM = 2STZ642E42;
				INFOPLIST_FILE = FlashLuv/Info.plist;
				LD_RUNPATH_SEARCH_PATHS = (
					"$(inherited)",
					"@executable_path/Frameworks",
				);
				PRODUCT_BUNDLE_IDENTIFIER = com.moc.bigteam.FlashLuv;
				PRODUCT_NAME = "$(TARGET_NAME)";
				PROVISIONING_PROFILE_SPECIFIER = "";
				SWIFT_VERSION = 4.0;
				TARGETED_DEVICE_FAMILY = "1,2";
			};
			name = Release;
		};
/* End XCBuildConfiguration section */

/* Begin XCConfigurationList section */
		5A4938EF20809AC700A16A95 /* Build configuration list for PBXProject "FlashLuv" */ = {
			isa = XCConfigurationList;
			buildConfigurations = (
				5A49390420809AC800A16A95 /* Debug */,
				5A49390520809AC800A16A95 /* Release */,
			);
			defaultConfigurationIsVisible = 0;
			defaultConfigurationName = Release;
		};
		5A49390620809AC800A16A95 /* Build configuration list for PBXNativeTarget "FlashLuv" */ = {
			isa = XCConfigurationList;
			buildConfigurations = (
				5A49390720809AC800A16A95 /* Debug */,
				5A49390820809AC800A16A95 /* Release */,
			);
			defaultConfigurationIsVisible = 0;
			defaultConfigurationName = Release;
		};
/* End XCConfigurationList section */
	};
	rootObject = 5A4938EC20809AC700A16A95 /* Project object */;
}
